
Microsoft Visual Studio Solution File, Format Version 12.00
# Visual Studio Version 17
VisualStudioVersion = 17.3.32922.545
MinimumVisualStudioVersion = 10.0.40219.1
Project("{2150E333-8FDC-42A3-9474-1A3956D46DE8}") = "src", "src", "{AB5894C9-62A0-4937-8FD9-4D5898C20188}"
EndProject
Project("{2150E333-8FDC-42A3-9474-1A3956D46DE8}") = "test", "test", "{D369B4CA-3432-4654-8323-58FEA1388DEA}"
EndProject
Project("{2150E333-8FDC-42A3-9474-1A3956D46DE8}") = "API", "API", "{B416D348-E899-4480-9F81-80BC0B4C04E3}"
EndProject
Project("{2150E333-8FDC-42A3-9474-1A3956D46DE8}") = "Core", "Core", "{8640C101-F2FA-45E6-9CF9-E71134836AD9}"
EndProject
Project("{2150E333-8FDC-42A3-9474-1A3956D46DE8}") = "Infrastructure", "Infrastructure", "{E2D79526-94E9-40D2-8A85-0A54DA787C33}"
EndProject
Project("{2150E333-8FDC-42A3-9474-1A3956D46DE8}") = "UI", "UI", "{37F1F042-737F-4185-8518-412382B5DC01}"
EndProject
Project("{9A19103F-16F7-4668-BE54-9A1E7A4F7556}") = "GloboTicket.TicketManagement.Domain", "GloboTicket.TicketManagement.Domain\GloboTicket.TicketManagement.Domain.csproj", "{CB5E3147-A433-4456-BF37-459B5FA3EC5E}"
EndProject
Project("{9A19103F-16F7-4668-BE54-9A1E7A4F7556}") = "GloboTicket.TicketManagement.Application", "GloboTicket.TicketManagement.Application\GloboTicket.TicketManagement.Application.csproj", "{873F7512-D695-4CF1-9E20-CF733A21A985}"
EndProject
Project("{9A19103F-16F7-4668-BE54-9A1E7A4F7556}") = "GloboTicket.TicketManagement.Persistence", "GloboTicket.TicketManagement.Persistence\GloboTicket.TicketManagement.Persistence.csproj", "{444B2678-7990-414E-A21C-7EA61E01A9F5}"
EndProject
Project("{9A19103F-16F7-4668-BE54-9A1E7A4F7556}") = "GloboTicket.TicketManagement.Infrastructure", "GloboTicket.TicketManagement.Infrastructure\GloboTicket.TicketManagement.Infrastructure.csproj", "{443AA7A7-1DC3-4168-9D8E-34692CEA5D1B}"
EndProject
Project("{9A19103F-16F7-4668-BE54-9A1E7A4F7556}") = "GloboTicket.TicketManagement.Api", "GloboTicket.TicketManagement.Api\GloboTicket.TicketManagement.Api.csproj", "{E5301EB5-3288-47D7-BA27-5001DC5D3375}"
EndProject
Project("{9A19103F-16F7-4668-BE54-9A1E7A4F7556}") = "GloboTicket.TicketManagement.Application.UnitTests", "GloboTicket.TicketManagement.Application.UnitTests\GloboTicket.TicketManagement.Application.UnitTests.csproj", "{D9E30472-5C84-4C4F-89E9-C160A8ECF975}"
EndProject
Project("{9A19103F-16F7-4668-BE54-9A1E7A4F7556}") = "GloboTicket.TicketManagement.Persistence.IntegrationTests", "GloboTicket.TicketManagement.Persistence.IntegrationTests\GloboTicket.TicketManagement.Persistence.IntegrationTests.csproj", "{4C977DEB-15D9-480A-98CB-765BB091BD3E}"
EndProject
Project("{9A19103F-16F7-4668-BE54-9A1E7A4F7556}") = "GloboTicket.TicketManagement.API.IntegrationTests", "GloboTicket.TicketManagement.API.IntegrationTests\GloboTicket.TicketManagement.API.IntegrationTests.csproj", "{DAECF5DC-DDBD-49C0-89F9-DD2E26FAE857}"
EndProject
Global
	GlobalSection(SolutionConfigurationPlatforms) = preSolution
		Debug|Any CPU = Debug|Any CPU
		Release|Any CPU = Release|Any CPU
	EndGlobalSection
	GlobalSection(ProjectConfigurationPlatforms) = postSolution
		{CB5E3147-A433-4456-BF37-459B5FA3EC5E}.Debug|Any CPU.ActiveCfg = Debug|Any CPU
		{CB5E3147-A433-4456-BF37-459B5FA3EC5E}.Debug|Any CPU.Build.0 = Debug|Any CPU
		{CB5E3147-A433-4456-BF37-459B5FA3EC5E}.Release|Any CPU.ActiveCfg = Release|Any CPU
		{CB5E3147-A433-4456-BF37-459B5FA3EC5E}.Release|Any CPU.Build.0 = Release|Any CPU
		{873F7512-D695-4CF1-9E20-CF733A21A985}.Debug|Any CPU.ActiveCfg = Debug|Any CPU
		{873F7512-D695-4CF1-9E20-CF733A21A985}.Debug|Any CPU.Build.0 = Debug|Any CPU
		{873F7512-D695-4CF1-9E20-CF733A21A985}.Release|Any CPU.ActiveCfg = Release|Any CPU
		{873F7512-D695-4CF1-9E20-CF733A21A985}.Release|Any CPU.Build.0 = Release|Any CPU
		{444B2678-7990-414E-A21C-7EA61E01A9F5}.Debug|Any CPU.ActiveCfg = Debug|Any CPU
		{444B2678-7990-414E-A21C-7EA61E01A9F5}.Debug|Any CPU.Build.0 = Debug|Any CPU
		{444B2678-7990-414E-A21C-7EA61E01A9F5}.Release|Any CPU.ActiveCfg = Release|Any CPU
		{444B2678-7990-414E-A21C-7EA61E01A9F5}.Release|Any CPU.Build.0 = Release|Any CPU
		{443AA7A7-1DC3-4168-9D8E-34692CEA5D1B}.Debug|Any CPU.ActiveCfg = Debug|Any CPU
		{443AA7A7-1DC3-4168-9D8E-34692CEA5D1B}.Debug|Any CPU.Build.0 = Debug|Any CPU
		{443AA7A7-1DC3-4168-9D8E-34692CEA5D1B}.Release|Any CPU.ActiveCfg = Release|Any CPU
		{443AA7A7-1DC3-4168-9D8E-34692CEA5D1B}.Release|Any CPU.Build.0 = Release|Any CPU
		{E5301EB5-3288-47D7-BA27-5001DC5D3375}.Debug|Any CPU.ActiveCfg = Debug|Any CPU
		{E5301EB5-3288-47D7-BA27-5001DC5D3375}.Debug|Any CPU.Build.0 = Debug|Any CPU
		{E5301EB5-3288-47D7-BA27-5001DC5D3375}.Release|Any CPU.ActiveCfg = Release|Any CPU
		{E5301EB5-3288-47D7-BA27-5001DC5D3375}.Release|Any CPU.Build.0 = Release|Any CPU
		{D9E30472-5C84-4C4F-89E9-C160A8ECF975}.Debug|Any CPU.ActiveCfg = Debug|Any CPU
		{D9E30472-5C84-4C4F-89E9-C160A8ECF975}.Debug|Any CPU.Build.0 = Debug|Any CPU
		{D9E30472-5C84-4C4F-89E9-C160A8ECF975}.Release|Any CPU.ActiveCfg = Release|Any CPU
		{D9E30472-5C84-4C4F-89E9-C160A8ECF975}.Release|Any CPU.Build.0 = Release|Any CPU
		{4C977DEB-15D9-480A-98CB-765BB091BD3E}.Debug|Any CPU.ActiveCfg = Debug|Any CPU
		{4C977DEB-15D9-480A-98CB-765BB091BD3E}.Debug|Any CPU.Build.0 = Debug|Any CPU
		{4C977DEB-15D9-480A-98CB-765BB091BD3E}.Release|Any CPU.ActiveCfg = Release|Any CPU
		{4C977DEB-15D9-480A-98CB-765BB091BD3E}.Release|Any CPU.Build.0 = Release|Any CPU
		{DAECF5DC-DDBD-49C0-89F9-DD2E26FAE857}.Debug|Any CPU.ActiveCfg = Debug|Any CPU
		{DAECF5DC-DDBD-49C0-89F9-DD2E26FAE857}.Debug|Any CPU.Build.0 = Debug|Any CPU
		{DAECF5DC-DDBD-49C0-89F9-DD2E26FAE857}.Release|Any CPU.ActiveCfg = Release|Any CPU
		{DAECF5DC-DDBD-49C0-89F9-DD2E26FAE857}.Release|Any CPU.Build.0 = Release|Any CPU
	EndGlobalSection
	GlobalSection(SolutionProperties) = preSolution
		HideSolutionNode = FALSE
	EndGlobalSection
	GlobalSection(NestedProjects) = preSolution
		{B416D348-E899-4480-9F81-80BC0B4C04E3} = {AB5894C9-62A0-4937-8FD9-4D5898C20188}
		{8640C101-F2FA-45E6-9CF9-E71134836AD9} = {AB5894C9-62A0-4937-8FD9-4D5898C20188}
		{E2D79526-94E9-40D2-8A85-0A54DA787C33} = {AB5894C9-62A0-4937-8FD9-4D5898C20188}
		{37F1F042-737F-4185-8518-412382B5DC01} = {AB5894C9-62A0-4937-8FD9-4D5898C20188}
		{CB5E3147-A433-4456-BF37-459B5FA3EC5E} = {8640C101-F2FA-45E6-9CF9-E71134836AD9}
		{873F7512-D695-4CF1-9E20-CF733A21A985} = {8640C101-F2FA-45E6-9CF9-E71134836AD9}
		{444B2678-7990-414E-A21C-7EA61E01A9F5} = {E2D79526-94E9-40D2-8A85-0A54DA787C33}
		{443AA7A7-1DC3-4168-9D8E-34692CEA5D1B} = {E2D79526-94E9-40D2-8A85-0A54DA787C33}
		{E5301EB5-3288-47D7-BA27-5001DC5D3375} = {B416D348-E899-4480-9F81-80BC0B4C04E3}
		{D9E30472-5C84-4C4F-89E9-C160A8ECF975} = {D369B4CA-3432-4654-8323-58FEA1388DEA}
		{4C977DEB-15D9-480A-98CB-765BB091BD3E} = {D369B4CA-3432-4654-8323-58FEA1388DEA}
		{DAECF5DC-DDBD-49C0-89F9-DD2E26FAE857} = {D369B4CA-3432-4654-8323-58FEA1388DEA}
	EndGlobalSection
	GlobalSection(ExtensibilityGlobals) = postSolution
		SolutionGuid = {CABDCBFB-8C6C-406D-A060-8270AC9BB24F}
	EndGlobalSection
EndGlobal
